
Microsoft Visual Studio Solution File, Format Version 12.00
# Visual Studio Version 17
VisualStudioVersion = 17.11.35222.181
MinimumVisualStudioVersion = 10.0.40219.1
Project("{FAE04EC0-301F-11D3-BF4B-00C04F79EFBC}") = "lr7", "lr7\lr7.csproj", "{232FE878-476F-4BB5-940E-2351F53A5E90}"
EndProject
Global
	GlobalSection(SolutionConfigurationPlatforms) = preSolution
		Debug|Any CPU = Debug|Any CPU
		Release|Any CPU = Release|Any CPU
	EndGlobalSection
	GlobalSection(ProjectConfigurationPlatforms) = postSolution
		{232FE878-476F-4BB5-940E-2351F53A5E90}.Debug|Any CPU.ActiveCfg = Debug|Any CPU
		{232FE878-476F-4BB5-940E-2351F53A5E90}.Debug|Any CPU.Build.0 = Debug|Any CPU
		{232FE878-476F-4BB5-940E-2351F53A5E90}.Release|Any CPU.ActiveCfg = Release|Any CPU
		{232FE878-476F-4BB5-940E-2351F53A5E90}.Release|Any CPU.Build.0 = Release|Any CPU
	EndGlobalSection
	GlobalSection(SolutionProperties) = preSolution
		HideSolutionNode = FALSE
	EndGlobalSection
	GlobalSection(ExtensibilityGlobals) = postSolution
		SolutionGuid = {1B5DAE15-511A-40EF-A25F-5AE00A047AE7}
	EndGlobalSection
EndGlobal
